lockfileVersion: "6.0"

settings:
  autoInstallPeers: true
  excludeLinksFromLockfile: false

dependencies:
  jsonfile:
    specifier: ^6.1.0
    version: 6.1.0
  yauzl:
    specifier: ^2.10.0
    version: 2.10.0

devDependencies:
  "@types/jsonfile":
    specifier: ^6.1.4
    version: 6.1.4
  "@types/yauzl":
    specifier: ^2.10.3
    version: 2.10.3

packages:
  /@types/jsonfile@6.1.4:
    resolution:
      {
        integrity: sha512-D5qGUYwjvnNNextdU59/+fI+spnwtTFmyQP0h+PfIOSkNfpU6AOICUOkm4i0OnSk+NyjdPJrxCDro0sJsWlRpQ==,
      }
    dependencies:
      "@types/node": 20.10.6
    dev: true

  /@types/node@20.10.6:
    resolution:
      {
        integrity: sha512-Vac8H+NlRNNlAmDfGUP7b5h/KA+AtWIzuXy0E6OyP8f1tCLYAtPvKRRDJjAPqhpCb0t6U2j7/xqAuLEebW2kiw==,
      }
    dependencies:
      undici-types: 5.26.5
    dev: true

  /@types/yauzl@2.10.3:
    resolution:
      {
        integrity: sha512-oJoftv0LSuaDZE3Le4DbKX+KS9G36NzOeSap90UIK0yMA/NhKJhqlSGtNDORNRaIbQfzjXDrQa0ytJ6mNRGz/Q==,
      }
    dependencies:
      "@types/node": 20.10.6
    dev: true

  /buffer-crc32@0.2.13:
    resolution:
      {
        integrity: sha512-VO9Ht/+p3SN7SKWqcrgEzjGbRSJYTx+Q1pTQC0wrWqHx0vpJraQ6GtHx8tvcg1rlK1byhU5gccxgOgj7B0TDkQ==,
      }
    dev: false

  /fd-slicer@1.1.0:
    resolution:
      {
        integrity: sha512-cE1qsB/VwyQozZ+q1dGxR8LBYNZeofhEdUNGSMbQD3Gw2lAzX9Zb3uIU6Ebc/Fmyjo9AWWfnn0AUCHqtevs/8g==,
      }
    dependencies:
      pend: 1.2.0
    dev: false

  /graceful-fs@4.2.11:
    resolution:
      {
        integrity: sha512-RbJ5/jmFcNNCcDV5o9eTnBLJ/HszWV0P73bc+Ff4nS/rJj+YaS6IGyiOL0VoBYX+l1Wrl3k63h/KrH+nhJ0XvQ==,
      }
    requiresBuild: true
    dev: false
    optional: true

  /jsonfile@6.1.0:
    resolution:
      {
        integrity: sha512-5dgndWOriYSm5cnYaJNhalLNDKOqFwyDB/rr1E9ZsGciGvKPs8R2xYGCacuf3z6K1YKDz182fd+fY3cn3pMqXQ==,
      }
    dependencies:
      universalify: 2.0.1
    optionalDependencies:
      graceful-fs: 4.2.11
    dev: false

  /pend@1.2.0:
    resolution:
      {
        integrity: sha512-F3asv42UuXchdzt+xXqfW1OGlVBe+mxa2mqI0pg5yAHZPvFmY3Y6drSf/GQ1A86WgWEN9Kzh/WrgKa6iGcHXLg==,
      }
    dev: false

  /undici-types@5.26.5:
    resolution:
      {
        integrity: sha512-JlCMO+ehdEIKqlFxk6IfVoAUVmgz7cU7zD/h9XZ0qzeosSHmUJVOzSQvvYSYWXkFXC+IfLKSIffhv0sVZup6pA==,
      }
    dev: true

  /universalify@2.0.1:
    resolution:
      {
        integrity: sha512-gptHNQghINnc/vTGIk0SOFGFNXw7JVrlRUtConJRlvaw6DuX0wO5Jeko9sWrMBhh+PsYAZ7oXAiOnf/UKogyiw==,
      }
    engines: { node: ">= 10.0.0" }
    dev: false

  /yauzl@2.10.0:
    resolution:
      {
        integrity: sha512-p4a9I6X6nu6IhoGmBqAcbJy1mlC4j27vEPZX9F4L4/vZT3Lyq1VkFHw/V/PUcB9Buo+DG3iHkT0x3Qya58zc3g==,
      }
    dependencies:
      buffer-crc32: 0.2.13
      fd-slicer: 1.1.0
    dev: false
